[[package]]
name = "autoreadme"
version = "0.2102.20"
description = "Haskell-like intervals for Python"
category = "dev"
optional = false
python-versions = "*"

[[package]]
name = "blake3"
version = "0.1.8"
description = "Python bindings for the Rust blake3 crate"
category = "main"
optional = false
python-versions = "*"

[[package]]
name = "colored"
version = "1.4.2"
description = "Simple library for color and formatting to terminal"
category = "main"
optional = false
python-versions = "*"

[[package]]
name = "numpy"
version = "1.20.1"
description = "NumPy is the fundamental package for array computing with Python."
category = "main"
optional = false
python-versions = ">=3.7"

[metadata]
lock-version = "1.1"
python-versions = "^3.8"
content-hash = "58a274c90e30a69139876251601270f5f7b7efe1b7ea409d8f25a3fa4ceb8a31"

[metadata.files]
autoreadme = [
    {file = "autoreadme-0.2102.20-py3-none-any.whl", hash = "sha256:e43eb3ca24f1968cb4ee8e0c656ff5578ae34b4952ea45a1e7af099f8f936f0b"},
    {file = "autoreadme-0.2102.20.tar.gz", hash = "sha256:149dadc00dbc263179afb4433f3875709e9bb4079fa00543c2f313a2013b75ab"},
]
blake3 = [
    {file = "blake3-0.1.8-cp35-cp35m-macosx_10_7_x86_64.whl", hash = "sha256:71f1a49ca7b8b5cbefcac64cfb23d432493e4ae9e4ed421b1834484815ccba2e"},
    {file = "blake3-0.1.8-cp35-cp35m-manylinux2010_x86_64.whl", hash = "sha256:62198369bd794087882216db94fb1deb2ad8144d3ea5ac5c8c200a5b7c2180bf"},
    {file = "blake3-0.1.8-cp35-none-win32.whl", hash = "sha256:5b3f48ae9adc3d6bfc97f3a3aebd8f27a579505e5453e05a2f8ee63fb81eb975"},
    {file = "blake3-0.1.8-cp35-none-win_amd64.whl", hash = "sha256:8b6f925b454d58a194deed54f15d24131da45dfdd21714f103a33b0ffbe3e318"},
    {file = "blake3-0.1.8-cp36-cp36m-macosx_10_7_x86_64.whl", hash = "sha256:d1af4a89e3755e78d95e54c05c1c967d2bc0da1939b5bc034766fa5131f35fc0"},
    {file = "blake3-0.1.8-cp36-cp36m-manylinux2010_x86_64.whl", hash = "sha256:28d02decd14bbbc65e0f04bf8c9b389f31c53e4cc3685cfbb5f7ba3e123e7670"},
    {file = "blake3-0.1.8-cp36-none-win32.whl", hash = "sha256:f6d34840dc0c8b2a9c920a91db1e9c4917c4ff156af42f247f87fa85f19850f1"},
    {file = "blake3-0.1.8-cp36-none-win_amd64.whl", hash = "sha256:1b58114cd1cc849c0af6e63e8b543c89f5c5804a34ec61b82d8baaffa4e11d94"},
    {file = "blake3-0.1.8-cp37-cp37m-macosx_10_7_x86_64.whl", hash = "sha256:8c174da153b739e2aa46d362a11a5d224420e50e29f32d1ba0b3220babbbc22e"},
    {file = "blake3-0.1.8-cp37-cp37m-manylinux2010_x86_64.whl", hash = "sha256:897717f157b6d9f7fd1670cd0b07bb58e761f3147b1a0e5e542412210f581f02"},
    {file = "blake3-0.1.8-cp37-none-win32.whl", hash = "sha256:3c94995ea9477200e438451d42ddfedc210c596f166415068ed87e6db2abfa03"},
    {file = "blake3-0.1.8-cp37-none-win_amd64.whl", hash = "sha256:891fa7fd3062cc0c59b0458e0ef971f6c65ab5a54b8b4efd99901b47c05a7de4"},
    {file = "blake3-0.1.8-cp38-cp38-macosx_10_7_x86_64.whl", hash = "sha256:5f0f2c9ec12175c54f593a55b49e467a1fa8839db9087b11a6297b2afe6c8c25"},
    {file = "blake3-0.1.8-cp38-cp38-manylinux2010_x86_64.whl", hash = "sha256:a2cbeeda01fee7d71e1198eb2b9a7dbca53b1bf4ecdf69bf8f65b4ef7aeb3642"},
    {file = "blake3-0.1.8-cp38-none-win32.whl", hash = "sha256:494cbc6d3ec0da44e196cbe1dbfd7dd01cd1ba32420c19d53e47bbc909921654"},
    {file = "blake3-0.1.8-cp38-none-win_amd64.whl", hash = "sha256:5422f98d49afb3a89f0c2e56045275148b63370ff8aa25357ee4739b34f5c8a9"},
    {file = "blake3-0.1.8-cp39-cp39-macosx_10_7_x86_64.whl", hash = "sha256:13f460849ed4f399d53129353723524c0ac5b67e3bed7c50152e57e20deb54ff"},
    {file = "blake3-0.1.8-cp39-cp39-manylinux2010_x86_64.whl", hash = "sha256:9a97aba70bcc131d9b4f059a7a295717ec434a3a82b84290e86b95cfa61c9272"},
    {file = "blake3-0.1.8-cp39-none-win32.whl", hash = "sha256:b70c0d157fe12ca3e43c630da86afd2122be206b5ad6cd29bdf8660be7e03656"},
    {file = "blake3-0.1.8-cp39-none-win_amd64.whl", hash = "sha256:c5d1cd1218089e105f75b5472878bd7cabfaad13f83c5511dab326858fff9890"},
    {file = "blake3-0.1.8.tar.gz", hash = "sha256:b131129196ac4242bc9127a425daad46a8e7a451daef21a9337fcec17db445a8"},
]
colored = [
    {file = "colored-1.4.2.tar.gz", hash = "sha256:056fac09d9e39b34296e7618897ed1b8c274f98423770c2980d829fd670955ed"},
]
numpy = [
    {file = "numpy-1.20.1-cp37-cp37m-macosx_10_9_x86_64.whl", hash = "sha256:ae61f02b84a0211abb56462a3b6cd1e7ec39d466d3160eb4e1da8bf6717cdbeb"},
    {file = "numpy-1.20.1-cp37-cp37m-manylinux1_i686.whl", hash = "sha256:65410c7f4398a0047eea5cca9b74009ea61178efd78d1be9847fac1d6716ec1e"},
    {file = "numpy-1.20.1-cp37-cp37m-manylinux1_x86_64.whl", hash = "sha256:2d7e27442599104ee08f4faed56bb87c55f8b10a5494ac2ead5c98a4b289e61f"},
    {file = "numpy-1.20.1-cp37-cp37m-manylinux2010_i686.whl", hash = "sha256:4ed8e96dc146e12c1c5cdd6fb9fd0757f2ba66048bf94c5126b7efebd12d0090"},
    {file = "numpy-1.20.1-cp37-cp37m-manylinux2010_x86_64.whl", hash = "sha256:ecb5b74c702358cdc21268ff4c37f7466357871f53a30e6f84c686952bef16a9"},
    {file = "numpy-1.20.1-cp37-cp37m-manylinux2014_aarch64.whl", hash = "sha256:b9410c0b6fed4a22554f072a86c361e417f0258838957b78bd063bde2c7f841f"},
    {file = "numpy-1.20.1-cp37-cp37m-win32.whl", hash = "sha256:3d3087e24e354c18fb35c454026af3ed8997cfd4997765266897c68d724e4845"},
    {file = "numpy-1.20.1-cp37-cp37m-win_amd64.whl", hash = "sha256:89f937b13b8dd17b0099c7c2e22066883c86ca1575a975f754babc8fbf8d69a9"},
    {file = "numpy-1.20.1-cp38-cp38-macosx_10_9_x86_64.whl", hash = "sha256:a1d7995d1023335e67fb070b2fae6f5968f5be3802b15ad6d79d81ecaa014fe0"},
    {file = "numpy-1.20.1-cp38-cp38-manylinux1_i686.whl", hash = "sha256:60759ab15c94dd0e1ed88241fd4fa3312db4e91d2c8f5a2d4cf3863fad83d65b"},
    {file = "numpy-1.20.1-cp38-cp38-manylinux1_x86_64.whl", hash = "sha256:125a0e10ddd99a874fd357bfa1b636cd58deb78ba4a30b5ddb09f645c3512e04"},
    {file = "numpy-1.20.1-cp38-cp38-manylinux2010_i686.whl", hash = "sha256:c26287dfc888cf1e65181f39ea75e11f42ffc4f4529e5bd19add57ad458996e2"},
    {file = "numpy-1.20.1-cp38-cp38-manylinux2010_x86_64.whl", hash = "sha256:7199109fa46277be503393be9250b983f325880766f847885607d9b13848f257"},
    {file = "numpy-1.20.1-cp38-cp38-manylinux2014_aarch64.whl", hash = "sha256:72251e43ac426ff98ea802a931922c79b8d7596480300eb9f1b1e45e0543571e"},
    {file = "numpy-1.20.1-cp38-cp38-win32.whl", hash = "sha256:c91ec9569facd4757ade0888371eced2ecf49e7982ce5634cc2cf4e7331a4b14"},
    {file = "numpy-1.20.1-cp38-cp38-win_amd64.whl", hash = "sha256:13adf545732bb23a796914fe5f891a12bd74cf3d2986eed7b7eba2941eea1590"},
    {file = "numpy-1.20.1-cp39-cp39-macosx_10_9_x86_64.whl", hash = "sha256:104f5e90b143dbf298361a99ac1af4cf59131218a045ebf4ee5990b83cff5fab"},
    {file = "numpy-1.20.1-cp39-cp39-manylinux2010_i686.whl", hash = "sha256:89e5336f2bec0c726ac7e7cdae181b325a9c0ee24e604704ed830d241c5e47ff"},
    {file = "numpy-1.20.1-cp39-cp39-manylinux2010_x86_64.whl", hash = "sha256:032be656d89bbf786d743fee11d01ef318b0781281241997558fa7950028dd29"},
    {file = "numpy-1.20.1-cp39-cp39-manylinux2014_aarch64.whl", hash = "sha256:66b467adfcf628f66ea4ac6430ded0614f5cc06ba530d09571ea404789064adc"},
    {file = "numpy-1.20.1-cp39-cp39-win32.whl", hash = "sha256:12e4ba5c6420917571f1a5becc9338abbde71dd811ce40b37ba62dec7b39af6d"},
    {file = "numpy-1.20.1-cp39-cp39-win_amd64.whl", hash = "sha256:9c94cab5054bad82a70b2e77741271790304651d584e2cdfe2041488e753863b"},
    {file = "numpy-1.20.1-pp37-pypy37_pp73-manylinux2010_x86_64.whl", hash = "sha256:9eb551d122fadca7774b97db8a112b77231dcccda8e91a5bc99e79890797175e"},
    {file = "numpy-1.20.1.zip", hash = "sha256:3bc63486a870294683980d76ec1e3efc786295ae00128f9ea38e2c6e74d5a60a"},
]
