# This file is automatically @generated by Poetry 2.1.2 and should not be changed by hand.

[[package]]
name = "ansi2html"
version = "1.6.0"
description = ""
optional = false
python-versions = ">=3.6"
groups = ["main"]
files = [
    {file = "ansi2html-1.6.0-py3-none-any.whl", hash = "sha256:9fa44ca8fb8c417a05a9af1c62e192694b0fcec269ab55f130b5b26e260d0b7c"},
    {file = "ansi2html-1.6.0.tar.gz", hash = "sha256:0f124ea7efcf3f24f1f9398e527e688c9ae6eab26b0b84e1299ef7f94d92c596"},
]

[[package]]
name = "bigfloat"
version = "0.4.0"
description = "Arbitrary-precision correctly-rounded floating-point arithmetic, via MPFR."
optional = true
python-versions = "*"
groups = ["main"]
markers = "extra == \"experiments\""
files = [
    {file = "bigfloat-0.4.0.tar.gz", hash = "sha256:58b96bde872aca5989d13d82eba3acf2aa1b94e22117dd72a16ba5911b0c0cb8"},
]

[package.dependencies]
six = "*"

[[package]]
name = "blake3"
version = "1.0.4"
description = "Python bindings for the Rust blake3 crate"
optional = false
python-versions = "*"
groups = ["main"]
files = [
    {file = "blake3-1.0.4-cp310-cp310-macosx_10_12_x86_64.whl", hash = "sha256:c213768763faee5348bf7622b906b47b60a31baa44ad6837f6ec7587a4b3d4c1"},
    {file = "blake3-1.0.4-cp310-cp310-macosx_11_0_arm64.whl", hash = "sha256:1dbdca6def64c5fbcd7aae7403fc0e408506f91fac631efb2b604cac1bff97c4"},
    {file = "blake3-1.0.4-cp310-cp310-manylinux_2_17_aarch64.manylinux2014_aarch64.whl", hash = "sha256:a764b697fd1cb01b92a18240f9afd291b1f33ede3c9cdc59dd92ba87a5f4f8f3"},
    {file = "blake3-1.0.4-cp310-cp310-manylinux_2_17_armv7l.manylinux2014_armv7l.whl", hash = "sha256:c00c483e3d86c2587b7c1e4c65f519fd8745a0963cd6e3630d1bf24692c57fa2"},
    {file = "blake3-1.0.4-cp310-cp310-manylinux_2_17_i686.manylinux2014_i686.whl", hash = "sha256:8a99749c02d76b7aa5d931c3b80528ef6a68149e6bef424769dd5e461d39a4f0"},
    {file = "blake3-1.0.4-cp310-cp310-manylinux_2_17_ppc64le.manylinux2014_ppc64le.whl", hash = "sha256:ea806c10ad6d7c83f3543a22f31fe4892896a1daf58f9e4e3d76ae25ec469a3a"},
    {file = "blake3-1.0.4-cp310-cp310-manylinux_2_17_s390x.manylinux2014_s390x.whl", hash = "sha256:407d3a527853d662f79fa99b4ec88478fc9b800420194ed495a961635d2ab77e"},
    {file = "blake3-1.0.4-cp310-cp310-manylinux_2_17_x86_64.manylinux2014_x86_64.whl", hash = "sha256:846895cbe050c8d0ba94c7a8df4f89f023db82e5f8d35c76def177e410a1ba97"},
    {file = "blake3-1.0.4-cp310-cp310-musllinux_1_1_aarch64.whl", hash = "sha256:20e90f313c524bd98d68f3d1e0495ae00e570a164ee9a09ac21ded49c082c276"},
    {file = "blake3-1.0.4-cp310-cp310-musllinux_1_1_x86_64.whl", hash = "sha256:8e83ddd16ae0a3641ba6d7b0ed582f0b7fcdefbf95638e82ee2480ab209342d7"},
    {file = "blake3-1.0.4-cp310-cp310-win32.whl", hash = "sha256:8faf42585fbd6ea189ee15b3d148f64dd3a8ced5aa26bed90a7438a7cb7094a3"},
    {file = "blake3-1.0.4-cp310-cp310-win_amd64.whl", hash = "sha256:5624985511c1e209aede209142c09c81a4163cf230f218aff09f04ddd9e773a1"},
    {file = "blake3-1.0.4-cp311-cp311-macosx_10_12_x86_64.whl", hash = "sha256:fe01393d535a7ddea39f0332453434fe214fa135e05e5b792a99dd7782acf429"},
    {file = "blake3-1.0.4-cp311-cp311-macosx_11_0_arm64.whl", hash = "sha256:105730671403972fb5292dcaff0b78881075f583cd7b5e1589919b0b0f93f86a"},
    {file = "blake3-1.0.4-cp311-cp311-manylinux_2_17_aarch64.manylinux2014_aarch64.whl", hash = "sha256:7240572bfd4e3ecd0ab24144551053c02eb3995e00342fcb40eb25619678e556"},
    {file = "blake3-1.0.4-cp311-cp311-manylinux_2_17_armv7l.manylinux2014_armv7l.whl", hash = "sha256:a3d1a39fed926d8b6fb0efdf0295297ff92246e1c28e5dca7f2d7185ad4593be"},
    {file = "blake3-1.0.4-cp311-cp311-manylinux_2_17_i686.manylinux2014_i686.whl", hash = "sha256:87794eed0b25de3713d57faa82a5e3257d0b51cba7831f7de98884b73d4c41af"},
    {file = "blake3-1.0.4-cp311-cp311-manylinux_2_17_ppc64le.manylinux2014_ppc64le.whl", hash = "sha256:407327ed661ccb943c4361fb647daa6264cc6bdc52f29de56e4dc62c2132e287"},
    {file = "blake3-1.0.4-cp311-cp311-manylinux_2_17_s390x.manylinux2014_s390x.whl", hash = "sha256:e3087e019603657cda6d5e4b8cb250d6cbcf935e8230a31291eb15d3ee8a341e"},
    {file = "blake3-1.0.4-cp311-cp311-manylinux_2_17_x86_64.manylinux2014_x86_64.whl", hash = "sha256:fae37ec23f25fdbb8c2a34dd9b309a8f9fdce9ff7685cabb1fde7e16f012cf67"},
    {file = "blake3-1.0.4-cp311-cp311-musllinux_1_1_aarch64.whl", hash = "sha256:5447a5731ee408809a5e2582a3bed3069b570046017ddddf9942d71c8afdc2ee"},
    {file = "blake3-1.0.4-cp311-cp311-musllinux_1_1_x86_64.whl", hash = "sha256:1d48407451ad537f7a8d9210a8468a600e453662832c6a60b99405d9d792c97e"},
    {file = "blake3-1.0.4-cp311-cp311-win32.whl", hash = "sha256:524ca0bf368b35d91254cbb16af5351beaee6c22a3a236d355b9471a61b3b9ff"},
    {file = "blake3-1.0.4-cp311-cp311-win_amd64.whl", hash = "sha256:43ebbf2af260f645eb961b045ed4e9ddcdcf3fb49744c8f2e0ba1e1c28e88782"},
    {file = "blake3-1.0.4-cp312-cp312-macosx_10_12_x86_64.whl", hash = "sha256:1e3018d12e16faea2e08f210123a9c2e603de6c1b80b381624cffd536e1022d1"},
    {file = "blake3-1.0.4-cp312-cp312-macosx_11_0_arm64.whl", hash = "sha256:17fb8c25d62b3dc35c2c4d59f3b2f3234814b2aa374c0b9bea3d326184bf9268"},
    {file = "blake3-1.0.4-cp312-cp312-manylinux_2_17_aarch64.manylinux2014_aarch64.whl", hash = "sha256:fc9da486d47f399ac2aba8dfdfaf60cc7a507d8434623cee8f81f47852db594d"},
    {file = "blake3-1.0.4-cp312-cp312-manylinux_2_17_armv7l.manylinux2014_armv7l.whl", hash = "sha256:0f5888e358ae4bba094d4595e1703dfc230d96dea6924e877c42c7a98beda7b5"},
    {file = "blake3-1.0.4-cp312-cp312-manylinux_2_17_i686.manylinux2014_i686.whl", hash = "sha256:7a1ab4bb7869fd38b7be2a88557d28cfe63d44b194bf2bf27e4ff08c5f2483ea"},
    {file = "blake3-1.0.4-cp312-cp312-manylinux_2_17_ppc64le.manylinux2014_ppc64le.whl", hash = "sha256:dbaf16fd19f93a2b5d2eadab82dca3161e2bf418606144df7edaf20bc38eda7c"},
    {file = "blake3-1.0.4-cp312-cp312-manylinux_2_17_s390x.manylinux2014_s390x.whl", hash = "sha256:222234ebea46d16ac981b0da528dd6e57e8ea37cef168e9f669894f660a18e09"},
    {file = "blake3-1.0.4-cp312-cp312-manylinux_2_17_x86_64.manylinux2014_x86_64.whl", hash = "sha256:bb2689cbef663d823011eeddec29c23d1c1f773ac867bfa854fb0590771a309d"},
    {file = "blake3-1.0.4-cp312-cp312-musllinux_1_1_aarch64.whl", hash = "sha256:1524b1cabb034f1c9dc2621f3c06c10d2a4608391cf04e5db182aa5d7a82fdbe"},
    {file = "blake3-1.0.4-cp312-cp312-musllinux_1_1_x86_64.whl", hash = "sha256:7592124471fb1c8c67f94776c480743c182aff92952ceb5f5c793a632a1a1436"},
    {file = "blake3-1.0.4-cp312-cp312-win32.whl", hash = "sha256:78f4724d0a9f6bebd0fccf27e4afaed1ca4b6645740ee425d3621defe27c4e64"},
    {file = "blake3-1.0.4-cp312-cp312-win_amd64.whl", hash = "sha256:af18fcd2a37aa51c24cedbb82f4934f39a9a4ea11a84d34c1ab63df94a28fdd1"},
    {file = "blake3-1.0.4-cp313-cp313-macosx_10_12_x86_64.whl", hash = "sha256:1845c2c8a611c30e43a88843f202663ce35a3d4d61a28064bf99a9adf975ab74"},
    {file = "blake3-1.0.4-cp313-cp313-macosx_11_0_arm64.whl", hash = "sha256:5404a99dcd9d5974ec09a6cc3e66e730ed7b8f65f353dea88b614ca4ed8dcb02"},
    {file = "blake3-1.0.4-cp313-cp313-manylinux_2_17_aarch64.manylinux2014_aarch64.whl", hash = "sha256:d97685ff806592fa2cb35143a3bdb255db58385cbf9c1a3222b4b127ade1714d"},
    {file = "blake3-1.0.4-cp313-cp313-manylinux_2_17_armv7l.manylinux2014_armv7l.whl", hash = "sha256:94cc36d0e69dc118db3c288c196533603d0f3413017070b455fe63ef0075dca2"},
    {file = "blake3-1.0.4-cp313-cp313-manylinux_2_17_i686.manylinux2014_i686.whl", hash = "sha256:d2a0e30369b1e9f24f81c6a666e347309aa746e85a7e986e472156995dc3751c"},
    {file = "blake3-1.0.4-cp313-cp313-manylinux_2_17_ppc64le.manylinux2014_ppc64le.whl", hash = "sha256:d09816c855043fe6a498108f6e0ec0ced2d5c1e65bc8a8c24012d773ac4e3208"},
    {file = "blake3-1.0.4-cp313-cp313-manylinux_2_17_s390x.manylinux2014_s390x.whl", hash = "sha256:41795136af622eb113247ccb09819e388948fc0aa052da02448c9f477c02721f"},
    {file = "blake3-1.0.4-cp313-cp313-manylinux_2_17_x86_64.manylinux2014_x86_64.whl", hash = "sha256:fedc326cac4476d2eab88413a4bf56e491040ae11ea98ddadaa5487cecda9b93"},
    {file = "blake3-1.0.4-cp313-cp313-musllinux_1_1_aarch64.whl", hash = "sha256:a760153f4e66edd6214df0a69e7eb90206c8ddd8083734ac430e852453a58e06"},
    {file = "blake3-1.0.4-cp313-cp313-musllinux_1_1_x86_64.whl", hash = "sha256:e93d952635a96225dda9f0b94bb115a7f1c1777db38f8a49cb902bf9433dd436"},
    {file = "blake3-1.0.4-cp313-cp313-win32.whl", hash = "sha256:8b514764be91cce5825e1a3dd393004a112f8acbf1c782aaa43c057c40837a01"},
    {file = "blake3-1.0.4-cp313-cp313-win_amd64.whl", hash = "sha256:0c6477a4689b374e846fd5330839c0d27d932fa62c2d2d6b731a28798d0348a0"},
    {file = "blake3-1.0.4-cp313-cp313t-macosx_10_12_x86_64.whl", hash = "sha256:fbc00208e9ebd4595290a684609a7a0557ca892f28870f44df4e433d4758e9b8"},
    {file = "blake3-1.0.4-cp313-cp313t-macosx_11_0_arm64.whl", hash = "sha256:512c7515a42398a5b01d758c53e315d295a1403b09786d9579d7f8dba4907865"},
    {file = "blake3-1.0.4-cp313-cp313t-manylinux_2_17_aarch64.manylinux2014_aarch64.whl", hash = "sha256:54d792827498d664b4e0687ca35cde8bbdc616e6766421378179b89914a65a6e"},
    {file = "blake3-1.0.4-cp313-cp313t-manylinux_2_17_armv7l.manylinux2014_armv7l.whl", hash = "sha256:97134b7c407e6c4ddcff1813577763b4e370397f9ba20cf0db3d0fff13b4edf5"},
    {file = "blake3-1.0.4-cp313-cp313t-manylinux_2_17_i686.manylinux2014_i686.whl", hash = "sha256:c40e2badab95569681759273013ea19349c438dfc3c50a5d2e5c88e1b3879ba5"},
    {file = "blake3-1.0.4-cp313-cp313t-manylinux_2_17_ppc64le.manylinux2014_ppc64le.whl", hash = "sha256:4e5f23d483a0e22a46991031a659cd65e58a84c2b737544e5a126fd49ffece68"},
    {file = "blake3-1.0.4-cp313-cp313t-manylinux_2_17_s390x.manylinux2014_s390x.whl", hash = "sha256:1509d898c7930451720f3667b1f733434db1090f295b6d947f88140face1c596"},
    {file = "blake3-1.0.4-cp313-cp313t-manylinux_2_17_x86_64.manylinux2014_x86_64.whl", hash = "sha256:785ef236f8da4ab4f233d02c403fc1bc6eab093edad1ca5903dd9dbb2b1c8e26"},
    {file = "blake3-1.0.4-cp313-cp313t-musllinux_1_1_aarch64.whl", hash = "sha256:e53f76390144272ecfe34da0466e1df66c3252e4e8a3b44b12d75c8acd393397"},
    {file = "blake3-1.0.4-cp313-cp313t-musllinux_1_1_x86_64.whl", hash = "sha256:d8e89c286ee110b2e325b179954eb2176d4a6315caef2eb8b44bcac7374da2b0"},
    {file = "blake3-1.0.4-cp313-cp313t-win32.whl", hash = "sha256:00605aa59923205c6a4f21131840840eb2d9a754c59b163357d890566755b97a"},
    {file = "blake3-1.0.4-cp313-cp313t-win_amd64.whl", hash = "sha256:95b2223177be6e269ab5f39bf1f2c186dc4852d546f15500bb7dcc114cf681f0"},
    {file = "blake3-1.0.4-cp38-cp38-macosx_10_12_x86_64.whl", hash = "sha256:cbd2782b2034021de468dcd466d732411a957efe3cf989d2f5c1e07a708a5874"},
    {file = "blake3-1.0.4-cp38-cp38-macosx_11_0_arm64.whl", hash = "sha256:1c66288e957625892303d683f7581fab56b567623f4c58bff159e8e92d042a8b"},
    {file = "blake3-1.0.4-cp38-cp38-manylinux_2_17_aarch64.manylinux2014_aarch64.whl", hash = "sha256:6bf7cbee22d7f9e4d60fcb9b2ae3270c40beea71fc7ee7d7d7eef539749a6aab"},
    {file = "blake3-1.0.4-cp38-cp38-manylinux_2_17_armv7l.manylinux2014_armv7l.whl", hash = "sha256:d1c52d9492896560b40fee414c02e23e2d868a4ef280574f67049be3b66cbbd2"},
    {file = "blake3-1.0.4-cp38-cp38-manylinux_2_17_i686.manylinux2014_i686.whl", hash = "sha256:b8720b726802c534e1e53e7fb8f53cbd4ee5a052b8903934d210feeb69c6438d"},
    {file = "blake3-1.0.4-cp38-cp38-manylinux_2_17_ppc64le.manylinux2014_ppc64le.whl", hash = "sha256:b691e44df67ce61b3573f31e4d304eeb4ffa87c4e05eb1f3f4a2a6981b875c96"},
    {file = "blake3-1.0.4-cp38-cp38-manylinux_2_17_s390x.manylinux2014_s390x.whl", hash = "sha256:2aeacc45ab0eebd91697a523e8c04542cff7d09b6a6c397d4a868f879950f539"},
    {file = "blake3-1.0.4-cp38-cp38-manylinux_2_17_x86_64.manylinux2014_x86_64.whl", hash = "sha256:08f46c2f1c5f369f07409e3e4ff248bcb22617cd741f2224873d85982dd6034e"},
    {file = "blake3-1.0.4-cp38-cp38-musllinux_1_1_aarch64.whl", hash = "sha256:a5c5c0a2f17220ad493f2a116b3ca83aae039926c0abbf520bc32b44e6edebdb"},
    {file = "blake3-1.0.4-cp38-cp38-musllinux_1_1_x86_64.whl", hash = "sha256:27835e72adf624754f6380635111d5c17685fd8db04f6573aebb4f6442b139ae"},
    {file = "blake3-1.0.4-cp38-cp38-win32.whl", hash = "sha256:6a45e4c5df4ce654d42897ce2d5bd7dab0a5e84b06ffcb9248ed0b537520967a"},
    {file = "blake3-1.0.4-cp38-cp38-win_amd64.whl", hash = "sha256:e55e38da0f57aa924c3125ffc98df72c36b2d212a2b7eb8f1d71169746f14689"},
    {file = "blake3-1.0.4-cp39-cp39-macosx_10_12_x86_64.whl", hash = "sha256:b11bffad2c020cc0049e02990caa924cc9c8b5ab6032bf3dbd60706638993bc5"},
    {file = "blake3-1.0.4-cp39-cp39-macosx_11_0_arm64.whl", hash = "sha256:baad3e55f7e1d8c820be370071fc80d6ed4cc7a738cbce4bc462772738869f57"},
    {file = "blake3-1.0.4-cp39-cp39-manylinux_2_17_aarch64.manylinux2014_aarch64.whl", hash = "sha256:89e21eb0929b1bd35867dd450c27600af42ecf1cd7a08c5496ad29baaa35cb8b"},
    {file = "blake3-1.0.4-cp39-cp39-manylinux_2_17_armv7l.manylinux2014_armv7l.whl", hash = "sha256:afba60a70ac75f26fb8fb95502b80b37cab7a624daae6e1a1b952457ff0e7528"},
    {file = "blake3-1.0.4-cp39-cp39-manylinux_2_17_i686.manylinux2014_i686.whl", hash = "sha256:66dbc4383586232ddc135936c1f395848358981152dcc7b94710664c21621491"},
    {file = "blake3-1.0.4-cp39-cp39-manylinux_2_17_ppc64le.manylinux2014_ppc64le.whl", hash = "sha256:fb866a8e0632f35fe9c8e24b751752c2df4abbaf20a36e85a76883a382ccbfd9"},
    {file = "blake3-1.0.4-cp39-cp39-manylinux_2_17_s390x.manylinux2014_s390x.whl", hash = "sha256:77dd01c07d2f327a97233841c5c9295b3ef5ac372c5649843d413fe588bf41a9"},
    {file = "blake3-1.0.4-cp39-cp39-manylinux_2_17_x86_64.manylinux2014_x86_64.whl", hash = "sha256:8241e372dfcb01ebe3947b7d5e22af1af5682fc37631153fe6ed747a603edb26"},
    {file = "blake3-1.0.4-cp39-cp39-musllinux_1_1_aarch64.whl", hash = "sha256:ff0e96f61b16b365ad5bb7c6272754f83d8a59c95d3b2f70c3bb6324ddf5bc0c"},
    {file = "blake3-1.0.4-cp39-cp39-musllinux_1_1_x86_64.whl", hash = "sha256:f0488a0f730383939bc9c6453220b15b8c2cda702a2ce626e6fd5e3add3f8da8"},
    {file = "blake3-1.0.4-cp39-cp39-win32.whl", hash = "sha256:2492bbd5f9d305c586c3addb8e247e9c4ebb6048e5fe3f6baddaca224e858dd1"},
    {file = "blake3-1.0.4-cp39-cp39-win_amd64.whl", hash = "sha256:1575c9c39632107e96d4b830d03646310d4c1eb07473ced1f68dd82c3af89d49"},
    {file = "blake3-1.0.4.tar.gz", hash = "sha256:09b2c66bc2c797e9d783521ec22b1e9a6c74e3ddb98bdd0dcd4fcc2213fb27ec"},
]

[[package]]
name = "colorama"
version = "0.4.6"
description = "Cross-platform colored terminal text."
optional = false
python-versions = "!=3.0.*,!=3.1.*,!=3.2.*,!=3.3.*,!=3.4.*,!=3.5.*,!=3.6.*,>=2.7"
groups = ["dev"]
markers = "sys_platform == \"win32\""
files = [
    {file = "colorama-0.4.6-py2.py3-none-any.whl", hash = "sha256:4f1d9991f5acc0ca119f9d443620b77f9d6b33703e51011c16baf57afb285fc6"},
    {file = "colorama-0.4.6.tar.gz", hash = "sha256:08695f5cb7ed6e0531a20572697297273c47b8cae5a63ffc6d6ed5c201be6e44"},
]

[[package]]
name = "colored"
version = "1.4.2"
description = "Simple library for color and formatting to terminal"
optional = false
python-versions = "*"
groups = ["main"]
files = [
    {file = "colored-1.4.2.tar.gz", hash = "sha256:056fac09d9e39b34296e7618897ed1b8c274f98423770c2980d829fd670955ed"},
]

[[package]]
name = "coverage"
version = "7.8.0"
description = "Code coverage measurement for Python"
optional = false
python-versions = ">=3.9"
groups = ["dev"]
files = [
    {file = "coverage-7.8.0-cp310-cp310-macosx_10_9_x86_64.whl", hash = "sha256:2931f66991175369859b5fd58529cd4b73582461877ecfd859b6549869287ffe"},
    {file = "coverage-7.8.0-cp310-cp310-macosx_11_0_arm64.whl", hash = "sha256:52a523153c568d2c0ef8826f6cc23031dc86cffb8c6aeab92c4ff776e7951b28"},
    {file = "coverage-7.8.0-cp310-cp310-manylinux_2_17_aarch64.manylinux2014_aarch64.whl", hash = "sha256:5c8a5c139aae4c35cbd7cadca1df02ea8cf28a911534fc1b0456acb0b14234f3"},
    {file = "coverage-7.8.0-cp310-cp310-manylinux_2_5_i686.manylinux1_i686.manylinux_2_17_i686.manylinux2014_i686.whl", hash = "sha256:5a26c0c795c3e0b63ec7da6efded5f0bc856d7c0b24b2ac84b4d1d7bc578d676"},
    {file = "coverage-7.8.0-cp310-cp310-manylinux_2_5_x86_64.manylinux1_x86_64.manylinux_2_17_x86_64.manylinux2014_x86_64.whl", hash = "sha256:821f7bcbaa84318287115d54becb1915eece6918136c6f91045bb84e2f88739d"},
    {file = "coverage-7.8.0-cp310-cp310-musllinux_1_2_aarch64.whl", hash = "sha256:a321c61477ff8ee705b8a5fed370b5710c56b3a52d17b983d9215861e37b642a"},
    {file = "coverage-7.8.0-cp310-cp310-musllinux_1_2_i686.whl", hash = "sha256:ed2144b8a78f9d94d9515963ed273d620e07846acd5d4b0a642d4849e8d91a0c"},
    {file = "coverage-7.8.0-cp310-cp310-musllinux_1_2_x86_64.whl", hash = "sha256:042e7841a26498fff7a37d6fda770d17519982f5b7d8bf5278d140b67b61095f"},
    {file = "coverage-7.8.0-cp310-cp310-win32.whl", hash = "sha256:f9983d01d7705b2d1f7a95e10bbe4091fabc03a46881a256c2787637b087003f"},
    {file = "coverage-7.8.0-cp310-cp310-win_amd64.whl", hash = "sha256:5a570cd9bd20b85d1a0d7b009aaf6c110b52b5755c17be6962f8ccd65d1dbd23"},
    {file = "coverage-7.8.0-cp311-cp311-macosx_10_9_x86_64.whl", hash = "sha256:e7ac22a0bb2c7c49f441f7a6d46c9c80d96e56f5a8bc6972529ed43c8b694e27"},
    {file = "coverage-7.8.0-cp311-cp311-macosx_11_0_arm64.whl", hash = "sha256:bf13d564d310c156d1c8e53877baf2993fb3073b2fc9f69790ca6a732eb4bfea"},
    {file = "coverage-7.8.0-cp311-cp311-manylinux_2_17_aarch64.manylinux2014_aarch64.whl", hash = "sha256:a5761c70c017c1b0d21b0815a920ffb94a670c8d5d409d9b38857874c21f70d7"},
    {file = "coverage-7.8.0-cp311-cp311-manylinux_2_5_i686.manylinux1_i686.manylinux_2_17_i686.manylinux2014_i686.whl", hash = "sha256:e5ff52d790c7e1628241ffbcaeb33e07d14b007b6eb00a19320c7b8a7024c040"},
    {file = "coverage-7.8.0-cp311-cp311-manylinux_2_5_x86_64.manylinux1_x86_64.manylinux_2_17_x86_64.manylinux2014_x86_64.whl", hash = "sha256:d39fc4817fd67b3915256af5dda75fd4ee10621a3d484524487e33416c6f3543"},
    {file = "coverage-7.8.0-cp311-cp311-musllinux_1_2_aarch64.whl", hash = "sha256:b44674870709017e4b4036e3d0d6c17f06a0e6d4436422e0ad29b882c40697d2"},
    {file = "coverage-7.8.0-cp311-cp311-musllinux_1_2_i686.whl", hash = "sha256:8f99eb72bf27cbb167b636eb1726f590c00e1ad375002230607a844d9e9a2318"},
    {file = "coverage-7.8.0-cp311-cp311-musllinux_1_2_x86_64.whl", hash = "sha256:b571bf5341ba8c6bc02e0baeaf3b061ab993bf372d982ae509807e7f112554e9"},
    {file = "coverage-7.8.0-cp311-cp311-win32.whl", hash = "sha256:e75a2ad7b647fd8046d58c3132d7eaf31b12d8a53c0e4b21fa9c4d23d6ee6d3c"},
    {file = "coverage-7.8.0-cp311-cp311-win_amd64.whl", hash = "sha256:3043ba1c88b2139126fc72cb48574b90e2e0546d4c78b5299317f61b7f718b78"},
    {file = "coverage-7.8.0-cp312-cp312-macosx_10_13_x86_64.whl", hash = "sha256:bbb5cc845a0292e0c520656d19d7ce40e18d0e19b22cb3e0409135a575bf79fc"},
    {file = "coverage-7.8.0-cp312-cp312-macosx_11_0_arm64.whl", hash = "sha256:4dfd9a93db9e78666d178d4f08a5408aa3f2474ad4d0e0378ed5f2ef71640cb6"},
    {file = "coverage-7.8.0-cp312-cp312-manylinux_2_17_aarch64.manylinux2014_aarch64.whl", hash = "sha256:f017a61399f13aa6d1039f75cd467be388d157cd81f1a119b9d9a68ba6f2830d"},
    {file = "coverage-7.8.0-cp312-cp312-manylinux_2_5_i686.manylinux1_i686.manylinux_2_17_i686.manylinux2014_i686.whl", hash = "sha256:0915742f4c82208ebf47a2b154a5334155ed9ef9fe6190674b8a46c2fb89cb05"},
    {file = "coverage-7.8.0-cp312-cp312-manylinux_2_5_x86_64.manylinux1_x86_64.manylinux_2_17_x86_64.manylinux2014_x86_64.whl", hash = "sha256:8a40fcf208e021eb14b0fac6bdb045c0e0cab53105f93ba0d03fd934c956143a"},
    {file = "coverage-7.8.0-cp312-cp312-musllinux_1_2_aarch64.whl", hash = "sha256:a1f406a8e0995d654b2ad87c62caf6befa767885301f3b8f6f73e6f3c31ec3a6"},
    {file = "coverage-7.8.0-cp312-cp312-musllinux_1_2_i686.whl", hash = "sha256:77af0f6447a582fdc7de5e06fa3757a3ef87769fbb0fdbdeba78c23049140a47"},
    {file = "coverage-7.8.0-cp312-cp312-musllinux_1_2_x86_64.whl", hash = "sha256:f2d32f95922927186c6dbc8bc60df0d186b6edb828d299ab10898ef3f40052fe"},
    {file = "coverage-7.8.0-cp312-cp312-win32.whl", hash = "sha256:769773614e676f9d8e8a0980dd7740f09a6ea386d0f383db6821df07d0f08545"},
    {file = "coverage-7.8.0-cp312-cp312-win_amd64.whl", hash = "sha256:e5d2b9be5b0693cf21eb4ce0ec8d211efb43966f6657807f6859aab3814f946b"},
    {file = "coverage-7.8.0-cp313-cp313-macosx_10_13_x86_64.whl", hash = "sha256:5ac46d0c2dd5820ce93943a501ac5f6548ea81594777ca585bf002aa8854cacd"},
    {file = "coverage-7.8.0-cp313-cp313-macosx_11_0_arm64.whl", hash = "sha256:771eb7587a0563ca5bb6f622b9ed7f9d07bd08900f7589b4febff05f469bea00"},
    {file = "coverage-7.8.0-cp313-cp313-manylinux_2_17_aarch64.manylinux2014_aarch64.whl", hash = "sha256:42421e04069fb2cbcbca5a696c4050b84a43b05392679d4068acbe65449b5c64"},
    {file = "coverage-7.8.0-cp313-cp313-manylinux_2_5_i686.manylinux1_i686.manylinux_2_17_i686.manylinux2014_i686.whl", hash = "sha256:554fec1199d93ab30adaa751db68acec2b41c5602ac944bb19187cb9a41a8067"},
    {file = "coverage-7.8.0-cp313-cp313-manylinux_2_5_x86_64.manylinux1_x86_64.manylinux_2_17_x86_64.manylinux2014_x86_64.whl", hash = "sha256:5aaeb00761f985007b38cf463b1d160a14a22c34eb3f6a39d9ad6fc27cb73008"},
    {file = "coverage-7.8.0-cp313-cp313-musllinux_1_2_aarch64.whl", hash = "sha256:581a40c7b94921fffd6457ffe532259813fc68eb2bdda60fa8cc343414ce3733"},
    {file = "coverage-7.8.0-cp313-cp313-musllinux_1_2_i686.whl", hash = "sha256:f319bae0321bc838e205bf9e5bc28f0a3165f30c203b610f17ab5552cff90323"},
    {file = "coverage-7.8.0-cp313-cp313-musllinux_1_2_x86_64.whl", hash = "sha256:04bfec25a8ef1c5f41f5e7e5c842f6b615599ca8ba8391ec33a9290d9d2db3a3"},
    {file = "coverage-7.8.0-cp313-cp313-win32.whl", hash = "sha256:dd19608788b50eed889e13a5d71d832edc34fc9dfce606f66e8f9f917eef910d"},
    {file = "coverage-7.8.0-cp313-cp313-win_amd64.whl", hash = "sha256:a9abbccd778d98e9c7e85038e35e91e67f5b520776781d9a1e2ee9d400869487"},
    {file = "coverage-7.8.0-cp313-cp313t-macosx_10_13_x86_64.whl", hash = "sha256:18c5ae6d061ad5b3e7eef4363fb27a0576012a7447af48be6c75b88494c6cf25"},
    {file = "coverage-7.8.0-cp313-cp313t-macosx_11_0_arm64.whl", hash = "sha256:95aa6ae391a22bbbce1b77ddac846c98c5473de0372ba5c463480043a07bff42"},
    {file = "coverage-7.8.0-cp313-cp313t-manylinux_2_17_aarch64.manylinux2014_aarch64.whl", hash = "sha256:e013b07ba1c748dacc2a80e69a46286ff145935f260eb8c72df7185bf048f502"},
    {file = "coverage-7.8.0-cp313-cp313t-manylinux_2_5_i686.manylinux1_i686.manylinux_2_17_i686.manylinux2014_i686.whl", hash = "sha256:d766a4f0e5aa1ba056ec3496243150698dc0481902e2b8559314368717be82b1"},
    {file = "coverage-7.8.0-cp313-cp313t-manylinux_2_5_x86_64.manylinux1_x86_64.manylinux_2_17_x86_64.manylinux2014_x86_64.whl", hash = "sha256:ad80e6b4a0c3cb6f10f29ae4c60e991f424e6b14219d46f1e7d442b938ee68a4"},
    {file = "coverage-7.8.0-cp313-cp313t-musllinux_1_2_aarch64.whl", hash = "sha256:b87eb6fc9e1bb8f98892a2458781348fa37e6925f35bb6ceb9d4afd54ba36c73"},
    {file = "coverage-7.8.0-cp313-cp313t-musllinux_1_2_i686.whl", hash = "sha256:d1ba00ae33be84066cfbe7361d4e04dec78445b2b88bdb734d0d1cbab916025a"},
    {file = "coverage-7.8.0-cp313-cp313t-musllinux_1_2_x86_64.whl", hash = "sha256:f3c38e4e5ccbdc9198aecc766cedbb134b2d89bf64533973678dfcf07effd883"},
    {file = "coverage-7.8.0-cp313-cp313t-win32.whl", hash = "sha256:379fe315e206b14e21db5240f89dc0774bdd3e25c3c58c2c733c99eca96f1ada"},
    {file = "coverage-7.8.0-cp313-cp313t-win_amd64.whl", hash = "sha256:2e4b6b87bb0c846a9315e3ab4be2d52fac905100565f4b92f02c445c8799e257"},
    {file = "coverage-7.8.0-cp39-cp39-macosx_10_9_x86_64.whl", hash = "sha256:fa260de59dfb143af06dcf30c2be0b200bed2a73737a8a59248fcb9fa601ef0f"},
    {file = "coverage-7.8.0-cp39-cp39-macosx_11_0_arm64.whl", hash = "sha256:96121edfa4c2dfdda409877ea8608dd01de816a4dc4a0523356067b305e4e17a"},
    {file = "coverage-7.8.0-cp39-cp39-manylinux_2_17_aarch64.manylinux2014_aarch64.whl", hash = "sha256:6b8af63b9afa1031c0ef05b217faa598f3069148eeee6bb24b79da9012423b82"},
    {file = "coverage-7.8.0-cp39-cp39-manylinux_2_5_i686.manylinux1_i686.manylinux_2_17_i686.manylinux2014_i686.whl", hash = "sha256:89b1f4af0d4afe495cd4787a68e00f30f1d15939f550e869de90a86efa7e0814"},
    {file = "coverage-7.8.0-cp39-cp39-manylinux_2_5_x86_64.manylinux1_x86_64.manylinux_2_17_x86_64.manylinux2014_x86_64.whl", hash = "sha256:94ec0be97723ae72d63d3aa41961a0b9a6f5a53ff599813c324548d18e3b9e8c"},
    {file = "coverage-7.8.0-cp39-cp39-musllinux_1_2_aarch64.whl", hash = "sha256:8a1d96e780bdb2d0cbb297325711701f7c0b6f89199a57f2049e90064c29f6bd"},
    {file = "coverage-7.8.0-cp39-cp39-musllinux_1_2_i686.whl", hash = "sha256:f1d8a2a57b47142b10374902777e798784abf400a004b14f1b0b9eaf1e528ba4"},
    {file = "coverage-7.8.0-cp39-cp39-musllinux_1_2_x86_64.whl", hash = "sha256:cf60dd2696b457b710dd40bf17ad269d5f5457b96442f7f85722bdb16fa6c899"},
    {file = "coverage-7.8.0-cp39-cp39-win32.whl", hash = "sha256:be945402e03de47ba1872cd5236395e0f4ad635526185a930735f66710e1bd3f"},
    {file = "coverage-7.8.0-cp39-cp39-win_amd64.whl", hash = "sha256:90e7fbc6216ecaffa5a880cdc9c77b7418c1dcb166166b78dbc630d07f278cc3"},
    {file = "coverage-7.8.0-pp39.pp310.pp311-none-any.whl", hash = "sha256:b8194fb8e50d556d5849753de991d390c5a1edeeba50f68e3a9253fbd8bf8ccd"},
    {file = "coverage-7.8.0-py3-none-any.whl", hash = "sha256:dbf364b4c5e7bae9250528167dfe40219b62e2d573c854d74be213e1e52069f7"},
    {file = "coverage-7.8.0.tar.gz", hash = "sha256:7a3d62b3b03b4b6fd41a085f3574874cf946cb4604d2b4d3e8dca8cd570ca501"},
]

[package.dependencies]
tomli = {version = "*", optional = true, markers = "python_full_version <= \"3.11.0a6\" and extra == \"toml\""}

[package.extras]
toml = ["tomli ; python_full_version <= \"3.11.0a6\""]

[[package]]
name = "dill"
version = "0.3.9"
description = "serialize all of Python"
optional = true
python-versions = ">=3.8"
groups = ["main"]
markers = "extra == \"algebra\""
files = [
    {file = "dill-0.3.9-py3-none-any.whl", hash = "sha256:468dff3b89520b474c0397703366b7b95eebe6303f108adf9b19da1f702be87a"},
    {file = "dill-0.3.9.tar.gz", hash = "sha256:81aa267dddf68cbfe8029c42ca9ec6a4ab3b22371d1c450abc54422577b4512c"},
]

[package.extras]
graph = ["objgraph (>=1.7.2)"]
profile = ["gprof2dot (>=2022.7.29)"]

[[package]]
name = "exceptiongroup"
version = "1.2.2"
description = "Backport of PEP 654 (exception groups)"
optional = false
python-versions = ">=3.7"
groups = ["dev"]
markers = "python_version < \"3.11\""
files = [
    {file = "exceptiongroup-1.2.2-py3-none-any.whl", hash = "sha256:3111b9d131c238bec2f8f516e123e14ba243563fb135d3fe885990585aa7795b"},
    {file = "exceptiongroup-1.2.2.tar.gz", hash = "sha256:47c2edf7c6738fafb49fd34290706d1a1a2f4d1c6df275526b62cbb4aa5393cc"},
]

[package.extras]
test = ["pytest (>=6)"]

[[package]]
name = "iniconfig"
version = "2.1.0"
description = "brain-dead simple config-ini parsing"
optional = false
python-versions = ">=3.8"
groups = ["dev"]
files = [
    {file = "iniconfig-2.1.0-py3-none-any.whl", hash = "sha256:9deba5723312380e77435581c6bf4935c94cbfab9b1ed33ef8d238ea168eb760"},
    {file = "iniconfig-2.1.0.tar.gz", hash = "sha256:3abbd2e30b36733fee78f9c7f7308f2d0050e88f0087fd25c2645f63c773e1c7"},
]

[[package]]
name = "multiprocess"
version = "0.70.17"
description = "better multiprocessing and multithreading in Python"
optional = true
python-versions = ">=3.8"
groups = ["main"]
markers = "extra == \"algebra\""
files = [
    {file = "multiprocess-0.70.17-pp310-pypy310_pp73-macosx_10_15_x86_64.whl", hash = "sha256:7ddb24e5bcdb64e90ec5543a1f05a39463068b6d3b804aa3f2a4e16ec28562d6"},
    {file = "multiprocess-0.70.17-pp310-pypy310_pp73-macosx_11_0_arm64.whl", hash = "sha256:d729f55198a3579f6879766a6d9b72b42d4b320c0dcb7844afb774d75b573c62"},
    {file = "multiprocess-0.70.17-pp310-pypy310_pp73-manylinux_2_28_x86_64.whl", hash = "sha256:c2c82d0375baed8d8dd0d8c38eb87c5ae9c471f8e384ad203a36f095ee860f67"},
    {file = "multiprocess-0.70.17-pp38-pypy38_pp73-macosx_10_9_arm64.whl", hash = "sha256:a22a6b1a482b80eab53078418bb0f7025e4f7d93cc8e1f36481477a023884861"},
    {file = "multiprocess-0.70.17-pp38-pypy38_pp73-macosx_10_9_x86_64.whl", hash = "sha256:349525099a0c9ac5936f0488b5ee73199098dac3ac899d81d326d238f9fd3ccd"},
    {file = "multiprocess-0.70.17-pp38-pypy38_pp73-manylinux_2_28_x86_64.whl", hash = "sha256:27b8409c02b5dd89d336107c101dfbd1530a2cd4fd425fc27dcb7adb6e0b47bf"},
    {file = "multiprocess-0.70.17-pp39-pypy39_pp73-macosx_10_13_arm64.whl", hash = "sha256:2ea0939b0f4760a16a548942c65c76ff5afd81fbf1083c56ae75e21faf92e426"},
    {file = "multiprocess-0.70.17-pp39-pypy39_pp73-macosx_10_13_x86_64.whl", hash = "sha256:2b12e081df87ab755190e227341b2c3b17ee6587e9c82fecddcbe6aa812cd7f7"},
    {file = "multiprocess-0.70.17-pp39-pypy39_pp73-manylinux_2_28_x86_64.whl", hash = "sha256:a0f01cd9d079af7a8296f521dc03859d1a414d14c1e2b6e676ef789333421c95"},
    {file = "multiprocess-0.70.17-py310-none-any.whl", hash = "sha256:38357ca266b51a2e22841b755d9a91e4bb7b937979a54d411677111716c32744"},
    {file = "multiprocess-0.70.17-py311-none-any.whl", hash = "sha256:2884701445d0177aec5bd5f6ee0df296773e4fb65b11903b94c613fb46cfb7d1"},
    {file = "multiprocess-0.70.17-py312-none-any.whl", hash = "sha256:2818af14c52446b9617d1b0755fa70ca2f77c28b25ed97bdaa2c69a22c47b46c"},
    {file = "multiprocess-0.70.17-py313-none-any.whl", hash = "sha256:20c28ca19079a6c879258103a6d60b94d4ffe2d9da07dda93fb1c8bc6243f522"},
    {file = "multiprocess-0.70.17-py38-none-any.whl", hash = "sha256:1d52f068357acd1e5bbc670b273ef8f81d57863235d9fbf9314751886e141968"},
    {file = "multiprocess-0.70.17-py39-none-any.whl", hash = "sha256:c3feb874ba574fbccfb335980020c1ac631fbf2a3f7bee4e2042ede62558a021"},
    {file = "multiprocess-0.70.17.tar.gz", hash = "sha256:4ae2f11a3416809ebc9a48abfc8b14ecce0652a0944731a1493a3c1ba44ff57a"},
]

[package.dependencies]
dill = ">=0.3.9"

[[package]]
name = "numpy"
version = "1.24.4"
description = "Fundamental package for array computing in Python"
optional = false
python-versions = ">=3.8"
groups = ["dev"]
files = [
    {file = "numpy-1.24.4-cp310-cp310-macosx_10_9_x86_64.whl", hash = "sha256:c0bfb52d2169d58c1cdb8cc1f16989101639b34c7d3ce60ed70b19c63eba0b64"},
    {file = "numpy-1.24.4-cp310-cp310-macosx_11_0_arm64.whl", hash = "sha256:ed094d4f0c177b1b8e7aa9cba7d6ceed51c0e569a5318ac0ca9a090680a6a1b1"},
    {file = "numpy-1.24.4-cp310-cp310-manylinux_2_17_aarch64.manylinux2014_aarch64.whl", hash = "sha256:79fc682a374c4a8ed08b331bef9c5f582585d1048fa6d80bc6c35bc384eee9b4"},
    {file = "numpy-1.24.4-cp310-cp310-manylinux_2_17_x86_64.manylinux2014_x86_64.whl", hash = "sha256:7ffe43c74893dbf38c2b0a1f5428760a1a9c98285553c89e12d70a96a7f3a4d6"},
    {file = "numpy-1.24.4-cp310-cp310-win32.whl", hash = "sha256:4c21decb6ea94057331e111a5bed9a79d335658c27ce2adb580fb4d54f2ad9bc"},
    {file = "numpy-1.24.4-cp310-cp310-win_amd64.whl", hash = "sha256:b4bea75e47d9586d31e892a7401f76e909712a0fd510f58f5337bea9572c571e"},
    {file = "numpy-1.24.4-cp311-cp311-macosx_10_9_x86_64.whl", hash = "sha256:f136bab9c2cfd8da131132c2cf6cc27331dd6fae65f95f69dcd4ae3c3639c810"},
    {file = "numpy-1.24.4-cp311-cp311-macosx_11_0_arm64.whl", hash = "sha256:e2926dac25b313635e4d6cf4dc4e51c8c0ebfed60b801c799ffc4c32bf3d1254"},
    {file = "numpy-1.24.4-cp311-cp311-manylinux_2_17_aarch64.manylinux2014_aarch64.whl", hash = "sha256:222e40d0e2548690405b0b3c7b21d1169117391c2e82c378467ef9ab4c8f0da7"},
    {file = "numpy-1.24.4-cp311-cp311-manylinux_2_17_x86_64.manylinux2014_x86_64.whl", hash = "sha256:7215847ce88a85ce39baf9e89070cb860c98fdddacbaa6c0da3ffb31b3350bd5"},
    {file = "numpy-1.24.4-cp311-cp311-win32.whl", hash = "sha256:4979217d7de511a8d57f4b4b5b2b965f707768440c17cb70fbf254c4b225238d"},
    {file = "numpy-1.24.4-cp311-cp311-win_amd64.whl", hash = "sha256:b7b1fc9864d7d39e28f41d089bfd6353cb5f27ecd9905348c24187a768c79694"},
    {file = "numpy-1.24.4-cp38-cp38-macosx_10_9_x86_64.whl", hash = "sha256:1452241c290f3e2a312c137a9999cdbf63f78864d63c79039bda65ee86943f61"},
    {file = "numpy-1.24.4-cp38-cp38-macosx_11_0_arm64.whl", hash = "sha256:04640dab83f7c6c85abf9cd729c5b65f1ebd0ccf9de90b270cd61935eef0197f"},
    {file = "numpy-1.24.4-cp38-cp38-manylinux_2_17_aarch64.manylinux2014_aarch64.whl", hash = "sha256:a5425b114831d1e77e4b5d812b69d11d962e104095a5b9c3b641a218abcc050e"},
    {file = "numpy-1.24.4-cp38-cp38-manylinux_2_17_x86_64.manylinux2014_x86_64.whl", hash = "sha256:dd80e219fd4c71fc3699fc1dadac5dcf4fd882bfc6f7ec53d30fa197b8ee22dc"},
    {file = "numpy-1.24.4-cp38-cp38-win32.whl", hash = "sha256:4602244f345453db537be5314d3983dbf5834a9701b7723ec28923e2889e0bb2"},
    {file = "numpy-1.24.4-cp38-cp38-win_amd64.whl", hash = "sha256:692f2e0f55794943c5bfff12b3f56f99af76f902fc47487bdfe97856de51a706"},
    {file = "numpy-1.24.4-cp39-cp39-macosx_10_9_x86_64.whl", hash = "sha256:2541312fbf09977f3b3ad449c4e5f4bb55d0dbf79226d7724211acc905049400"},
    {file = "numpy-1.24.4-cp39-cp39-macosx_11_0_arm64.whl", hash = "sha256:9667575fb6d13c95f1b36aca12c5ee3356bf001b714fc354eb5465ce1609e62f"},
    {file = "numpy-1.24.4-cp39-cp39-manylinux_2_17_aarch64.manylinux2014_aarch64.whl", hash = "sha256:f3a86ed21e4f87050382c7bc96571755193c4c1392490744ac73d660e8f564a9"},
    {file = "numpy-1.24.4-cp39-cp39-manylinux_2_17_x86_64.manylinux2014_x86_64.whl", hash = "sha256:d11efb4dbecbdf22508d55e48d9c8384db795e1b7b51ea735289ff96613ff74d"},
    {file = "numpy-1.24.4-cp39-cp39-win32.whl", hash = "sha256:6620c0acd41dbcb368610bb2f4d83145674040025e5536954782467100aa8835"},
    {file = "numpy-1.24.4-cp39-cp39-win_amd64.whl", hash = "sha256:befe2bf740fd8373cf56149a5c23a0f601e82869598d41f8e188a0e9869926f8"},
    {file = "numpy-1.24.4-pp38-pypy38_pp73-macosx_10_9_x86_64.whl", hash = "sha256:31f13e25b4e304632a4619d0e0777662c2ffea99fcae2029556b17d8ff958aef"},
    {file = "numpy-1.24.4-pp38-pypy38_pp73-manylinux_2_17_x86_64.manylinux2014_x86_64.whl", hash = "sha256:95f7ac6540e95bc440ad77f56e520da5bf877f87dca58bd095288dce8940532a"},
    {file = "numpy-1.24.4-pp38-pypy38_pp73-win_amd64.whl", hash = "sha256:e98f220aa76ca2a977fe435f5b04d7b3470c0a2e6312907b37ba6068f26787f2"},
    {file = "numpy-1.24.4.tar.gz", hash = "sha256:80f5e3a4e498641401868df4208b74581206afbee7cf7b8329daae82676d9463"},
]

[[package]]
name = "packaging"
version = "24.2"
description = "Core utilities for Python packages"
optional = false
python-versions = ">=3.8"
groups = ["dev"]
files = [
    {file = "packaging-24.2-py3-none-any.whl", hash = "sha256:09abb1bccd265c01f4a3aa3f7a7db064b36514d2cba19a2f694fe6150451a759"},
    {file = "packaging-24.2.tar.gz", hash = "sha256:c228a6dc5e932d346bc5739379109d49e8853dd8223571c7c5b55260edc0b97f"},
]

[[package]]
name = "pathos"
version = "0.2.9"
description = "parallel graph management and execution in heterogeneous computing"
optional = true
python-versions = ">=2.7, !=3.0.*, !=3.1.*, !=3.2.*, !=3.3.*, !=3.4.*, !=3.5.*, !=3.6.*"
groups = ["main"]
markers = "extra == \"algebra\""
files = [
    {file = "pathos-0.2.9-py2-none-any.whl", hash = "sha256:6a6ddb514ce2719f63fb88d5ec4f4490e436b636b54f1102d952c9f7c52f18e2"},
    {file = "pathos-0.2.9-py3-none-any.whl", hash = "sha256:1c44373d8692897d5d15a8aa3b3a442ddc0814c5e848f4ff0ded5491f34b1dac"},
    {file = "pathos-0.2.9.tar.gz", hash = "sha256:a8dbddcd3d9af32ada7c6dc088d845588c513a29a0ba19ab9f64c5cd83692934"},
]

[package.dependencies]
dill = ">=0.3.5.1"
multiprocess = ">=0.70.13"
pox = ">=0.3.1"
ppft = ">=1.7.6.5"

[[package]]
name = "pluggy"
version = "1.5.0"
description = "plugin and hook calling mechanisms for python"
optional = false
python-versions = ">=3.8"
groups = ["dev"]
files = [
    {file = "pluggy-1.5.0-py3-none-any.whl", hash = "sha256:44e1ad92c8ca002de6377e165f3e0f1be63266ab4d554740532335b9d75ea669"},
    {file = "pluggy-1.5.0.tar.gz", hash = "sha256:2cffa88e94fdc978c4c574f15f9e59b7f4201d439195c3715ca9e2486f1d0cf1"},
]

[package.extras]
dev = ["pre-commit", "tox"]
testing = ["pytest", "pytest-benchmark"]

[[package]]
name = "pox"
version = "0.3.5"
description = "utilities for filesystem exploration and automated builds"
optional = true
python-versions = ">=3.8"
groups = ["main"]
markers = "extra == \"algebra\""
files = [
    {file = "pox-0.3.5-py3-none-any.whl", hash = "sha256:9e82bcc9e578b43e80a99cad80f0d8f44f4d424f0ee4ee8d4db27260a6aa365a"},
    {file = "pox-0.3.5.tar.gz", hash = "sha256:8120ee4c94e950e6e0483e050a4f0e56076e590ba0a9add19524c254bd23c2d1"},
]

[[package]]
name = "ppft"
version = "1.7.6.9"
description = "distributed and parallel Python"
optional = true
python-versions = ">=3.8"
groups = ["main"]
markers = "extra == \"algebra\""
files = [
    {file = "ppft-1.7.6.9-py3-none-any.whl", hash = "sha256:dab36548db5ca3055067fbe6b1a17db5fee29f3c366c579a9a27cebb52ed96f0"},
    {file = "ppft-1.7.6.9.tar.gz", hash = "sha256:73161c67474ea9d81d04bcdad166d399cff3f084d5d2dc21ebdd46c075bbc265"},
]

[package.extras]
dill = ["dill (>=0.3.9)"]

[[package]]
name = "progress"
version = "1.6"
description = "Easy to use progress bars"
optional = true
python-versions = "*"
groups = ["main"]
markers = "extra == \"algebra\""
files = [
    {file = "progress-1.6.tar.gz", hash = "sha256:c9c86e98b5c03fa1fe11e3b67c1feda4788b8d0fe7336c2ff7d5644ccfba34cd"},
]

[[package]]
name = "pytest"
version = "8.3.5"
description = "pytest: simple powerful testing with Python"
optional = false
python-versions = ">=3.8"
groups = ["dev"]
files = [
    {file = "pytest-8.3.5-py3-none-any.whl", hash = "sha256:c69214aa47deac29fad6c2a4f590b9c4a9fdb16a403176fe154b79c0b4d4d820"},
    {file = "pytest-8.3.5.tar.gz", hash = "sha256:f4efe70cc14e511565ac476b57c279e12a855b11f48f212af1080ef2263d3845"},
]

[package.dependencies]
colorama = {version = "*", markers = "sys_platform == \"win32\""}
exceptiongroup = {version = ">=1.0.0rc8", markers = "python_version < \"3.11\""}
iniconfig = "*"
packaging = "*"
pluggy = ">=1.5,<2"
tomli = {version = ">=1", markers = "python_version < \"3.11\""}

[package.extras]
dev = ["argcomplete", "attrs (>=19.2)", "hypothesis (>=3.56)", "mock", "pygments (>=2.7.2)", "requests", "setuptools", "xmlschema"]

[[package]]
name = "pytest-cov"
version = "6.1.1"
description = "Pytest plugin for measuring coverage."
optional = false
python-versions = ">=3.9"
groups = ["dev"]
files = [
    {file = "pytest_cov-6.1.1-py3-none-any.whl", hash = "sha256:bddf29ed2d0ab6f4df17b4c55b0a657287db8684af9c42ea546b21b1041b3dde"},
    {file = "pytest_cov-6.1.1.tar.gz", hash = "sha256:46935f7aaefba760e716c2ebfbe1c216240b9592966e7da99ea8292d4d3e2a0a"},
]

[package.dependencies]
coverage = {version = ">=7.5", extras = ["toml"]}
pytest = ">=4.6"

[package.extras]
testing = ["fields", "hunter", "process-tests", "pytest-xdist", "virtualenv"]

[[package]]
name = "six"
version = "1.17.0"
description = "Python 2 and 3 compatibility utilities"
optional = true
python-versions = "!=3.0.*,!=3.1.*,!=3.2.*,>=2.7"
groups = ["main"]
markers = "extra == \"experiments\""
files = [
    {file = "six-1.17.0-py2.py3-none-any.whl", hash = "sha256:4721f391ed90541fddacab5acf947aa0d3dc7d27b2e1e8eda2be8970586c3274"},
    {file = "six-1.17.0.tar.gz", hash = "sha256:ff70335d468e7eb6ec65b95b99d3a2836546063f63acc5171de367e834932a81"},
]

[[package]]
name = "tomli"
version = "2.2.1"
description = "A lil' TOML parser"
optional = false
python-versions = ">=3.8"
groups = ["dev"]
markers = "python_full_version <= \"3.11.0a6\""
files = [
    {file = "tomli-2.2.1-cp311-cp311-macosx_10_9_x86_64.whl", hash = "sha256:678e4fa69e4575eb77d103de3df8a895e1591b48e740211bd1067378c69e8249"},
    {file = "tomli-2.2.1-cp311-cp311-macosx_11_0_arm64.whl", hash = "sha256:023aa114dd824ade0100497eb2318602af309e5a55595f76b626d6d9f3b7b0a6"},
    {file = "tomli-2.2.1-cp311-cp311-manylinux_2_17_aarch64.manylinux2014_aarch64.whl", hash = "sha256:ece47d672db52ac607a3d9599a9d48dcb2f2f735c6c2d1f34130085bb12b112a"},
    {file = "tomli-2.2.1-cp311-cp311-manylinux_2_17_x86_64.manylinux2014_x86_64.whl", hash = "sha256:6972ca9c9cc9f0acaa56a8ca1ff51e7af152a9f87fb64623e31d5c83700080ee"},
    {file = "tomli-2.2.1-cp311-cp311-manylinux_2_5_i686.manylinux1_i686.manylinux_2_17_i686.manylinux2014_i686.whl", hash = "sha256:c954d2250168d28797dd4e3ac5cf812a406cd5a92674ee4c8f123c889786aa8e"},
    {file = "tomli-2.2.1-cp311-cp311-musllinux_1_2_aarch64.whl", hash = "sha256:8dd28b3e155b80f4d54beb40a441d366adcfe740969820caf156c019fb5c7ec4"},
    {file = "tomli-2.2.1-cp311-cp311-musllinux_1_2_i686.whl", hash = "sha256:e59e304978767a54663af13c07b3d1af22ddee3bb2fb0618ca1593e4f593a106"},
    {file = "tomli-2.2.1-cp311-cp311-musllinux_1_2_x86_64.whl", hash = "sha256:33580bccab0338d00994d7f16f4c4ec25b776af3ffaac1ed74e0b3fc95e885a8"},
    {file = "tomli-2.2.1-cp311-cp311-win32.whl", hash = "sha256:465af0e0875402f1d226519c9904f37254b3045fc5084697cefb9bdde1ff99ff"},
    {file = "tomli-2.2.1-cp311-cp311-win_amd64.whl", hash = "sha256:2d0f2fdd22b02c6d81637a3c95f8cd77f995846af7414c5c4b8d0545afa1bc4b"},
    {file = "tomli-2.2.1-cp312-cp312-macosx_10_13_x86_64.whl", hash = "sha256:4a8f6e44de52d5e6c657c9fe83b562f5f4256d8ebbfe4ff922c495620a7f6cea"},
    {file = "tomli-2.2.1-cp312-cp312-macosx_11_0_arm64.whl", hash = "sha256:8d57ca8095a641b8237d5b079147646153d22552f1c637fd3ba7f4b0b29167a8"},
    {file = "tomli-2.2.1-cp312-cp312-manylinux_2_17_aarch64.manylinux2014_aarch64.whl", hash = "sha256:4e340144ad7ae1533cb897d406382b4b6fede8890a03738ff1683af800d54192"},
    {file = "tomli-2.2.1-cp312-cp312-manylinux_2_17_x86_64.manylinux2014_x86_64.whl", hash = "sha256:db2b95f9de79181805df90bedc5a5ab4c165e6ec3fe99f970d0e302f384ad222"},
    {file = "tomli-2.2.1-cp312-cp312-manylinux_2_5_i686.manylinux1_i686.manylinux_2_17_i686.manylinux2014_i686.whl", hash = "sha256:40741994320b232529c802f8bc86da4e1aa9f413db394617b9a256ae0f9a7f77"},
    {file = "tomli-2.2.1-cp312-cp312-musllinux_1_2_aarch64.whl", hash = "sha256:400e720fe168c0f8521520190686ef8ef033fb19fc493da09779e592861b78c6"},
    {file = "tomli-2.2.1-cp312-cp312-musllinux_1_2_i686.whl", hash = "sha256:02abe224de6ae62c19f090f68da4e27b10af2b93213d36cf44e6e1c5abd19fdd"},
    {file = "tomli-2.2.1-cp312-cp312-musllinux_1_2_x86_64.whl", hash = "sha256:b82ebccc8c8a36f2094e969560a1b836758481f3dc360ce9a3277c65f374285e"},
    {file = "tomli-2.2.1-cp312-cp312-win32.whl", hash = "sha256:889f80ef92701b9dbb224e49ec87c645ce5df3fa2cc548664eb8a25e03127a98"},
    {file = "tomli-2.2.1-cp312-cp312-win_amd64.whl", hash = "sha256:7fc04e92e1d624a4a63c76474610238576942d6b8950a2d7f908a340494e67e4"},
    {file = "tomli-2.2.1-cp313-cp313-macosx_10_13_x86_64.whl", hash = "sha256:f4039b9cbc3048b2416cc57ab3bda989a6fcf9b36cf8937f01a6e731b64f80d7"},
    {file = "tomli-2.2.1-cp313-cp313-macosx_11_0_arm64.whl", hash = "sha256:286f0ca2ffeeb5b9bd4fcc8d6c330534323ec51b2f52da063b11c502da16f30c"},
    {file = "tomli-2.2.1-cp313-cp313-manylinux_2_17_aarch64.manylinux2014_aarch64.whl", hash = "sha256:a92ef1a44547e894e2a17d24e7557a5e85a9e1d0048b0b5e7541f76c5032cb13"},
    {file = "tomli-2.2.1-cp313-cp313-manylinux_2_17_x86_64.manylinux2014_x86_64.whl", hash = "sha256:9316dc65bed1684c9a98ee68759ceaed29d229e985297003e494aa825ebb0281"},
    {file = "tomli-2.2.1-cp313-cp313-manylinux_2_5_i686.manylinux1_i686.manylinux_2_17_i686.manylinux2014_i686.whl", hash = "sha256:e85e99945e688e32d5a35c1ff38ed0b3f41f43fad8df0bdf79f72b2ba7bc5272"},
    {file = "tomli-2.2.1-cp313-cp313-musllinux_1_2_aarch64.whl", hash = "sha256:ac065718db92ca818f8d6141b5f66369833d4a80a9d74435a268c52bdfa73140"},
    {file = "tomli-2.2.1-cp313-cp313-musllinux_1_2_i686.whl", hash = "sha256:d920f33822747519673ee656a4b6ac33e382eca9d331c87770faa3eef562aeb2"},
    {file = "tomli-2.2.1-cp313-cp313-musllinux_1_2_x86_64.whl", hash = "sha256:a198f10c4d1b1375d7687bc25294306e551bf1abfa4eace6650070a5c1ae2744"},
    {file = "tomli-2.2.1-cp313-cp313-win32.whl", hash = "sha256:d3f5614314d758649ab2ab3a62d4f2004c825922f9e370b29416484086b264ec"},
    {file = "tomli-2.2.1-cp313-cp313-win_amd64.whl", hash = "sha256:a38aa0308e754b0e3c67e344754dff64999ff9b513e691d0e786265c93583c69"},
    {file = "tomli-2.2.1-py3-none-any.whl", hash = "sha256:cb55c73c5f4408779d0cf3eef9f762b9c9f147a77de7b258bef0a5628adc85cc"},
    {file = "tomli-2.2.1.tar.gz", hash = "sha256:cd45e1dc79c835ce60f7404ec8119f2eb06d38b1deba146f07ced3bbc44505ff"},
]

[[package]]
name = "wheel"
version = "0.37.1"
description = "A built-package format for Python"
optional = false
python-versions = "!=3.0.*,!=3.1.*,!=3.2.*,!=3.3.*,!=3.4.*,>=2.7"
groups = ["main"]
files = [
    {file = "wheel-0.37.1-py2.py3-none-any.whl", hash = "sha256:4bdcd7d840138086126cd09254dc6195fb4fc6f01c050a1d7236f2630db1d22a"},
    {file = "wheel-0.37.1.tar.gz", hash = "sha256:e9a504e793efbca1b8e0e9cb979a249cf4a0a7b5b8c9e8b65a5e39d49529c1c4"},
]

[package.extras]
test = ["pytest (>=3.0.0)", "pytest-cov"]

[extras]
algebra = ["pathos", "progress"]
experiments = ["bigfloat"]
native = []

[metadata]
lock-version = "2.1"
python-versions = ">=3.9"
content-hash = "a03207691a40c11bc5202db6445f52387c523597d65a7ed97ce2c0bfd9930dcd"
